
Microsoft Visual Studio Solution File, Format Version 12.00
# Visual Studio Version 17
VisualStudioVersion = 17.6.33815.320
MinimumVisualStudioVersion = 10.0.40219.1
Project("{FAE04EC0-301F-11D3-BF4B-00C04F79EFBC}") = "FolderTree", "FolderTree\FolderTree.csproj", "{DDA96B68-1CEE-4274-A10E-818DFB3C335D}"
EndProject
Project("{2150E333-8FDC-42A3-9474-1A3956D46DE8}") = "Solution Items", "Solution Items", "{4135D7A8-16F3-4015-B8AA-C79AA44C8545}"
	ProjectSection(SolutionItems) = preProject
		.editorconfig = .editorconfig
	EndProjectSection
EndProject
Global
	GlobalSection(SolutionConfigurationPlatforms) = preSolution
		Debug|Any CPU = Debug|Any CPU
		Release|Any CPU = Release|Any CPU
	EndGlobalSection
	GlobalSection(ProjectConfigurationPlatforms) = postSolution
		{DDA96B68-1CEE-4274-A10E-818DFB3C335D}.Debug|Any CPU.ActiveCfg = Debug|Any CPU
		{DDA96B68-1CEE-4274-A10E-818DFB3C335D}.Debug|Any CPU.Build.0 = Debug|Any CPU
		{DDA96B68-1CEE-4274-A10E-818DFB3C335D}.Release|Any CPU.ActiveCfg = Release|Any CPU
		{DDA96B68-1CEE-4274-A10E-818DFB3C335D}.Release|Any CPU.Build.0 = Release|Any CPU
	EndGlobalSection
	GlobalSection(SolutionProperties) = preSolution
		HideSolutionNode = FALSE
	EndGlobalSection
	GlobalSection(ExtensibilityGlobals) = postSolution
		SolutionGuid = {357295BA-3957-4C80-B32B-F07098096EC5}
	EndGlobalSection
EndGlobal
